// !$*UTF8*$!
{
	archiveVersion = 1;
	classes = {
	};
	objectVersion = 46;
	objects = {

/* Begin PBXBuildFile section */
		4E57EBDF1B8DC90B00AAFC49 /* DetailWebViewController.m in Sources */ = {isa = PBXBuildFile; fileRef = 4E57EBDE1B8DC90B00AAFC49 /* DetailWebViewController.m */; };
		4E57EBE41B8DD0F500AAFC49 /* CoreLocation.framework in Frameworks */ = {isa = PBXBuildFile; fileRef = 4E57EBE31B8DD0F500AAFC49 /* CoreLocation.framework */; };
		4EE1A16B1B8D4E0100A84CB8 /* Images.xcassets in Resources */ = {isa = PBXBuildFile; fileRef = 4EE1A16A1B8D4E0100A84CB8 /* Images.xcassets */; };
		4EE1A17A1B8D4E0100A84CB8 /* WebIntegrationTests.m in Sources */ = {isa = PBXBuildFile; fileRef = 4EE1A1791B8D4E0100A84CB8 /* WebIntegrationTests.m */; };
		4EE1A1A51B8D4E9700A84CB8 /* HomeTableViewController.m in Sources */ = {isa = PBXBuildFile; fileRef = 4EE1A1871B8D4E9700A84CB8 /* HomeTableViewController.m */; };
		4EE1A1A61B8D4E9700A84CB8 /* Home.storyboard in Resources */ = {isa = PBXBuildFile; fileRef = 4EE1A18A1B8D4E9700A84CB8 /* Home.storyboard */; };
		4EE1A1A71B8D4E9700A84CB8 /* HomePurifierTableViewCell.m in Sources */ = {isa = PBXBuildFile; fileRef = 4EE1A18D1B8D4E9700A84CB8 /* HomePurifierTableViewCell.m */; };
		4EE1A1A81B8D4E9700A84CB8 /* HomePurifierTableViewCell.xib in Resources */ = {isa = PBXBuildFile; fileRef = 4EE1A18E1B8D4E9700A84CB8 /* HomePurifierTableViewCell.xib */; };
		4EE1A1A91B8D4E9700A84CB8 /* HomeTableHeadView.m in Sources */ = {isa = PBXBuildFile; fileRef = 4EE1A1901B8D4E9700A84CB8 /* HomeTableHeadView.m */; };
		4EE1A1AA1B8D4E9700A84CB8 /* HomeTableHeadView.xib in Resources */ = {isa = PBXBuildFile; fileRef = 4EE1A1911B8D4E9700A84CB8 /* HomeTableHeadView.xib */; };
		4EE1A1AB1B8D4E9700A84CB8 /* LaunchScreen.xib in Resources */ = {isa = PBXBuildFile; fileRef = 4EE1A1951B8D4E9700A84CB8 /* LaunchScreen.xib */; };
		4EE1A1AC1B8D4E9700A84CB8 /* PgySDK.framework in Frameworks */ = {isa = PBXBuildFile; fileRef = 4EE1A1981B8D4E9700A84CB8 /* PgySDK.framework */; };
		4EE1A1AD1B8D4E9700A84CB8 /* AppDelegate.m in Sources */ = {isa = PBXBuildFile; fileRef = 4EE1A19C1B8D4E9700A84CB8 /* AppDelegate.m */; };
		4EE1A1AE1B8D4E9700A84CB8 /* Info.plist in Resources */ = {isa = PBXBuildFile; fileRef = 4EE1A19D1B8D4E9700A84CB8 /* Info.plist */; };
		4EE1A1AF1B8D4E9700A84CB8 /* main.m in Sources */ = {isa = PBXBuildFile; fileRef = 4EE1A19E1B8D4E9700A84CB8 /* main.m */; };
		4EE1A1B51B8D54EE00A84CB8 /* HomeWebTableViewCell.m in Sources */ = {isa = PBXBuildFile; fileRef = 4EE1A1B31B8D54EE00A84CB8 /* HomeWebTableViewCell.m */; };
		4EE1A1B61B8D54EE00A84CB8 /* HomeWebTableViewCell.xib in Resources */ = {isa = PBXBuildFile; fileRef = 4EE1A1B41B8D54EE00A84CB8 /* HomeWebTableViewCell.xib */; };
		BBE6CF6661D6BF6347736040 /* libPods.a in Frameworks */ = {isa = PBXBuildFile; fileRef = 8E7E8F86DC7A4FF68D347CD5 /* libPods.a */; };
/* End PBXBuildFile section */

/* Begin PBXContainerItemProxy section */
		4EE1A1741B8D4E0100A84CB8 /* PBXContainerItemProxy */ = {
			isa = PBXContainerItemProxy;
			containerPortal = 4EE1A1521B8D4E0100A84CB8 /* Project object */;
			proxyType = 1;
			remoteGlobalIDString = 4EE1A1591B8D4E0100A84CB8;
			remoteInfo = WebIntegration;
		};
/* End PBXContainerItemProxy section */

/* Begin PBXFileReference section */
		4E57EBDD1B8DC90B00AAFC49 /* DetailWebViewController.h */ = {isa = PBXFileReference; fileEncoding = 4; lastKnownFileType = sourcecode.c.h; path = DetailWebViewController.h; sourceTree = "<group>"; };
		4E57EBDE1B8DC90B00AAFC49 /* DetailWebViewController.m */ = {isa = PBXFileReference; fileEncoding = 4; lastKnownFileType = sourcecode.c.objc; path = DetailWebViewController.m; sourceTree = "<group>"; };
		4E57EBE31B8DD0F500AAFC49 /* CoreLocation.framework */ = {isa = PBXFileReference; lastKnownFileType = wrapper.framework; name = CoreLocation.framework; path = System/Library/Frameworks/CoreLocation.framework; sourceTree = SDKROOT; };
		4EE1A15A1B8D4E0100A84CB8 /* WebIntegration.app */ = {isa = PBXFileReference; explicitFileType = wrapper.application; includeInIndex = 0; path = WebIntegration.app; sourceTree = BUILT_PRODUCTS_DIR; };
		4EE1A16A1B8D4E0100A84CB8 /* Images.xcassets */ = {isa = PBXFileReference; lastKnownFileType = folder.assetcatalog; path = Images.xcassets; sourceTree = "<group>"; };
		4EE1A1731B8D4E0100A84CB8 /* WebIntegrationTests.xctest */ = {isa = PBXFileReference; explicitFileType = wrapper.cfbundle; includeInIndex = 0; path = WebIntegrationTests.xctest; sourceTree = BUILT_PRODUCTS_DIR; };
		4EE1A1781B8D4E0100A84CB8 /* Info.plist */ = {isa = PBXFileReference; lastKnownFileType = text.plist.xml; path = Info.plist; sourceTree = "<group>"; };
		4EE1A1791B8D4E0100A84CB8 /* WebIntegrationTests.m */ = {isa = PBXFileReference; lastKnownFileType = sourcecode.c.objc; path = WebIntegrationTests.m; sourceTree = "<group>"; };
		4EE1A1861B8D4E9700A84CB8 /* HomeTableViewController.h */ = {isa = PBXFileReference; fileEncoding = 4; lastKnownFileType = sourcecode.c.h; path = HomeTableViewController.h; sourceTree = "<group>"; };
		4EE1A1871B8D4E9700A84CB8 /* HomeTableViewController.m */ = {isa = PBXFileReference; fileEncoding = 4; lastKnownFileType = sourcecode.c.objc; path = HomeTableViewController.m; sourceTree = "<group>"; };
		4EE1A18A1B8D4E9700A84CB8 /* Home.storyboard */ = {isa = PBXFileReference; fileEncoding = 4; lastKnownFileType = file.storyboard; path = Home.storyboard; sourceTree = "<group>"; };
		4EE1A18C1B8D4E9700A84CB8 /* HomePurifierTableViewCell.h */ = {isa = PBXFileReference; fileEncoding = 4; lastKnownFileType = sourcecode.c.h; path = HomePurifierTableViewCell.h; sourceTree = "<group>"; };
		4EE1A18D1B8D4E9700A84CB8 /* HomePurifierTableViewCell.m */ = {isa = PBXFileReference; fileEncoding = 4; lastKnownFileType = sourcecode.c.objc; path = HomePurifierTableViewCell.m; sourceTree = "<group>"; };
		4EE1A18E1B8D4E9700A84CB8 /* HomePurifierTableViewCell.xib */ = {isa = PBXFileReference; fileEncoding = 4; lastKnownFileType = file.xib; path = HomePurifierTableViewCell.xib; sourceTree = "<group>"; };
		4EE1A18F1B8D4E9700A84CB8 /* HomeTableHeadView.h */ = {isa = PBXFileReference; fileEncoding = 4; lastKnownFileType = sourcecode.c.h; path = HomeTableHeadView.h; sourceTree = "<group>"; };
		4EE1A1901B8D4E9700A84CB8 /* HomeTableHeadView.m */ = {isa = PBXFileReference; fileEncoding = 4; lastKnownFileType = sourcecode.c.objc; path = HomeTableHeadView.m; sourceTree = "<group>"; };
		4EE1A1911B8D4E9700A84CB8 /* HomeTableHeadView.xib */ = {isa = PBXFileReference; fileEncoding = 4; lastKnownFileType = file.xib; path = HomeTableHeadView.xib; sourceTree = "<group>"; };
		4EE1A1951B8D4E9700A84CB8 /* LaunchScreen.xib */ = {isa = PBXFileReference; fileEncoding = 4; lastKnownFileType = file.xib; path = LaunchScreen.xib; sourceTree = "<group>"; };
		4EE1A1981B8D4E9700A84CB8 /* PgySDK.framework */ = {isa = PBXFileReference; lastKnownFileType = wrapper.framework; path = PgySDK.framework; sourceTree = "<group>"; };
		4EE1A19B1B8D4E9700A84CB8 /* AppDelegate.h */ = {isa = PBXFileReference; fileEncoding = 4; lastKnownFileType = sourcecode.c.h; path = AppDelegate.h; sourceTree = "<group>"; };
		4EE1A19C1B8D4E9700A84CB8 /* AppDelegate.m */ = {isa = PBXFileReference; fileEncoding = 4; lastKnownFileType = sourcecode.c.objc; path = AppDelegate.m; sourceTree = "<group>"; };
		4EE1A19D1B8D4E9700A84CB8 /* Info.plist */ = {isa = PBXFileReference; fileEncoding = 4; lastKnownFileType = text.plist.xml; path = Info.plist; sourceTree = "<group>"; };
		4EE1A19E1B8D4E9700A84CB8 /* main.m */ = {isa = PBXFileReference; fileEncoding = 4; lastKnownFileType = sourcecode.c.objc; path = main.m; sourceTree = "<group>"; };
		4EE1A1A11B8D4E9700A84CB8 /* WebIntegration.pch */ = {isa = PBXFileReference; fileEncoding = 4; lastKnownFileType = sourcecode.c.h; path = WebIntegration.pch; sourceTree = "<group>"; };
		4EE1A1B21B8D54EE00A84CB8 /* HomeWebTableViewCell.h */ = {isa = PBXFileReference; fileEncoding = 4; lastKnownFileType = sourcecode.c.h; path = HomeWebTableViewCell.h; sourceTree = "<group>"; };
		4EE1A1B31B8D54EE00A84CB8 /* HomeWebTableViewCell.m */ = {isa = PBXFileReference; fileEncoding = 4; lastKnownFileType = sourcecode.c.objc; path = HomeWebTableViewCell.m; sourceTree = "<group>"; };
		4EE1A1B41B8D54EE00A84CB8 /* HomeWebTableViewCell.xib */ = {isa = PBXFileReference; fileEncoding = 4; lastKnownFileType = file.xib; path = HomeWebTableViewCell.xib; sourceTree = "<group>"; };
		779B063E7E60D06276D51B79 /* Pods.debug.xcconfig */ = {isa = PBXFileReference; includeInIndex = 1; lastKnownFileType = text.xcconfig; name = Pods.debug.xcconfig; path = "Pods/Target Support Files/Pods/Pods.debug.xcconfig"; sourceTree = "<group>"; };
		8E7E8F86DC7A4FF68D347CD5 /* libPods.a */ = {isa = PBXFileReference; explicitFileType = archive.ar; includeInIndex = 0; path = libPods.a; sourceTree = BUILT_PRODUCTS_DIR; };
		F424065027F8998A3D882D95 /* Pods.release.xcconfig */ = {isa = PBXFileReference; includeInIndex = 1; lastKnownFileType = text.xcconfig; name = Pods.release.xcconfig; path = "Pods/Target Support Files/Pods/Pods.release.xcconfig"; sourceTree = "<group>"; };
/* End PBXFileReference section */

/* Begin PBXFrameworksBuildPhase section */
		4EE1A1571B8D4E0100A84CB8 /* Frameworks */ = {
			isa = PBXFrameworksBuildPhase;
			buildActionMask = 2147483647;
			files = (
				4E57EBE41B8DD0F500AAFC49 /* CoreLocation.framework in Frameworks */,
				4EE1A1AC1B8D4E9700A84CB8 /* PgySDK.framework in Frameworks */,
				BBE6CF6661D6BF6347736040 /* libPods.a in Frameworks */,
			);
			runOnlyForDeploymentPostprocessing = 0;
		};
		4EE1A1701B8D4E0100A84CB8 /* Frameworks */ = {
			isa = PBXFrameworksBuildPhase;
			buildActionMask = 2147483647;
			files = (
			);
			runOnlyForDeploymentPostprocessing = 0;
		};
/* End PBXFrameworksBuildPhase section */

/* Begin PBXGroup section */
		4EE1A1511B8D4E0100A84CB8 = {
			isa = PBXGroup;
			children = (
				4EE1A15C1B8D4E0100A84CB8 /* WebIntegration */,
				4EE1A1761B8D4E0100A84CB8 /* WebIntegrationTests */,
				4EE1A15B1B8D4E0100A84CB8 /* Products */,
				9E65031D71B33F95583D5D75 /* Pods */,
				D6D4FAD8F185D1CF9AC55728 /* Frameworks */,
			);
			sourceTree = "<group>";
		};
		4EE1A15B1B8D4E0100A84CB8 /* Products */ = {
			isa = PBXGroup;
			children = (
				4EE1A15A1B8D4E0100A84CB8 /* WebIntegration.app */,
				4EE1A1731B8D4E0100A84CB8 /* WebIntegrationTests.xctest */,
			);
			name = Products;
			sourceTree = "<group>";
		};
		4EE1A15C1B8D4E0100A84CB8 /* WebIntegration */ = {
			isa = PBXGroup;
			children = (
				4EE1A1831B8D4E9700A84CB8 /* Classes */,
				4EE1A16A1B8D4E0100A84CB8 /* Images.xcassets */,
			);
			path = WebIntegration;
			sourceTree = "<group>";
		};
		4EE1A1761B8D4E0100A84CB8 /* WebIntegrationTests */ = {
			isa = PBXGroup;
			children = (
				4EE1A1791B8D4E0100A84CB8 /* WebIntegrationTests.m */,
				4EE1A1771B8D4E0100A84CB8 /* Supporting Files */,
			);
			path = WebIntegrationTests;
			sourceTree = "<group>";
		};
		4EE1A1771B8D4E0100A84CB8 /* Supporting Files */ = {
			isa = PBXGroup;
			children = (
				4EE1A1781B8D4E0100A84CB8 /* Info.plist */,
			);
			name = "Supporting Files";
			sourceTree = "<group>";
		};
		4EE1A1831B8D4E9700A84CB8 /* Classes */ = {
			isa = PBXGroup;
			children = (
				4EE1A1841B8D4E9700A84CB8 /* Home */,
				4EE1A1921B8D4E9700A84CB8 /* Main */,
			);
			path = Classes;
			sourceTree = "<group>";
		};
		4EE1A1841B8D4E9700A84CB8 /* Home */ = {
			isa = PBXGroup;
			children = (
				4EE1A1851B8D4E9700A84CB8 /* Controller */,
				4EE1A1881B8D4E9700A84CB8 /* Model */,
				4EE1A1891B8D4E9700A84CB8 /* Storyboard */,
				4EE1A18B1B8D4E9700A84CB8 /* View */,
			);
			path = Home;
			sourceTree = "<group>";
		};
		4EE1A1851B8D4E9700A84CB8 /* Controller */ = {
			isa = PBXGroup;
			children = (
				4EE1A1861B8D4E9700A84CB8 /* HomeTableViewController.h */,
				4EE1A1871B8D4E9700A84CB8 /* HomeTableViewController.m */,
				4E57EBDD1B8DC90B00AAFC49 /* DetailWebViewController.h */,
				4E57EBDE1B8DC90B00AAFC49 /* DetailWebViewController.m */,
			);
			path = Controller;
			sourceTree = "<group>";
		};
		4EE1A1881B8D4E9700A84CB8 /* Model */ = {
			isa = PBXGroup;
			children = (
			);
			path = Model;
			sourceTree = "<group>";
		};
		4EE1A1891B8D4E9700A84CB8 /* Storyboard */ = {
			isa = PBXGroup;
			children = (
				4EE1A18A1B8D4E9700A84CB8 /* Home.storyboard */,
			);
			path = Storyboard;
			sourceTree = "<group>";
		};
		4EE1A18B1B8D4E9700A84CB8 /* View */ = {
			isa = PBXGroup;
			children = (
				4EE1A18C1B8D4E9700A84CB8 /* HomePurifierTableViewCell.h */,
				4EE1A18D1B8D4E9700A84CB8 /* HomePurifierTableViewCell.m */,
				4EE1A18E1B8D4E9700A84CB8 /* HomePurifierTableViewCell.xib */,
				4EE1A18F1B8D4E9700A84CB8 /* HomeTableHeadView.h */,
				4EE1A1901B8D4E9700A84CB8 /* HomeTableHeadView.m */,
				4EE1A1911B8D4E9700A84CB8 /* HomeTableHeadView.xib */,
				4EE1A1B21B8D54EE00A84CB8 /* HomeWebTableViewCell.h */,
				4EE1A1B31B8D54EE00A84CB8 /* HomeWebTableViewCell.m */,
				4EE1A1B41B8D54EE00A84CB8 /* HomeWebTableViewCell.xib */,
			);
			path = View;
			sourceTree = "<group>";
		};
		4EE1A1921B8D4E9700A84CB8 /* Main */ = {
			isa = PBXGroup;
			children = (
				4EE1A1931B8D4E9700A84CB8 /* Controller */,
				4EE1A1941B8D4E9700A84CB8 /* LaunchScreen */,
				4EE1A1961B8D4E9700A84CB8 /* Lib */,
				4EE1A1991B8D4E9700A84CB8 /* Model */,
				4EE1A19A1B8D4E9700A84CB8 /* Other */,
				4EE1A1A41B8D4E9700A84CB8 /* View */,
			);
			path = Main;
			sourceTree = "<group>";
		};
		4EE1A1931B8D4E9700A84CB8 /* Controller */ = {
			isa = PBXGroup;
			children = (
			);
			path = Controller;
			sourceTree = "<group>";
		};
		4EE1A1941B8D4E9700A84CB8 /* LaunchScreen */ = {
			isa = PBXGroup;
			children = (
				4EE1A1951B8D4E9700A84CB8 /* LaunchScreen.xib */,
			);
			path = LaunchScreen;
			sourceTree = "<group>";
		};
		4EE1A1961B8D4E9700A84CB8 /* Lib */ = {
			isa = PBXGroup;
			children = (
				4EE1A1971B8D4E9700A84CB8 /* Pgy_SDK */,
			);
			path = Lib;
			sourceTree = "<group>";
		};
		4EE1A1971B8D4E9700A84CB8 /* Pgy_SDK */ = {
			isa = PBXGroup;
			children = (
				4EE1A1981B8D4E9700A84CB8 /* PgySDK.framework */,
			);
			path = Pgy_SDK;
			sourceTree = "<group>";
		};
		4EE1A1991B8D4E9700A84CB8 /* Model */ = {
			isa = PBXGroup;
			children = (
			);
			path = Model;
			sourceTree = "<group>";
		};
		4EE1A19A1B8D4E9700A84CB8 /* Other */ = {
			isa = PBXGroup;
			children = (
				4EE1A19B1B8D4E9700A84CB8 /* AppDelegate.h */,
				4EE1A19C1B8D4E9700A84CB8 /* AppDelegate.m */,
				4EE1A19D1B8D4E9700A84CB8 /* Info.plist */,
				4EE1A19E1B8D4E9700A84CB8 /* main.m */,
				4EE1A1A11B8D4E9700A84CB8 /* WebIntegration.pch */,
			);
			path = Other;
			sourceTree = "<group>";
		};
		4EE1A1A41B8D4E9700A84CB8 /* View */ = {
			isa = PBXGroup;
			children = (
			);
			path = View;
			sourceTree = "<group>";
		};
		9E65031D71B33F95583D5D75 /* Pods */ = {
			isa = PBXGroup;
			children = (
				779B063E7E60D06276D51B79 /* Pods.debug.xcconfig */,
				F424065027F8998A3D882D95 /* Pods.release.xcconfig */,
			);
			name = Pods;
			sourceTree = "<group>";
		};
		D6D4FAD8F185D1CF9AC55728 /* Frameworks */ = {
			isa = PBXGroup;
			children = (
				4E57EBE31B8DD0F500AAFC49 /* CoreLocation.framework */,
				8E7E8F86DC7A4FF68D347CD5 /* libPods.a */,
			);
			name = Frameworks;
			sourceTree = "<group>";
		};
/* End PBXGroup section */

/* Begin PBXNativeTarget section */
		4EE1A1591B8D4E0100A84CB8 /* WebIntegration */ = {
			isa = PBXNativeTarget;
			buildConfigurationList = 4EE1A17D1B8D4E0100A84CB8 /* Build configuration list for PBXNativeTarget "WebIntegration" */;
			buildPhases = (
				23867D2C0580557FBD622FDD /* Check Pods Manifest.lock */,
				4EE1A1561B8D4E0100A84CB8 /* Sources */,
				4EE1A1571B8D4E0100A84CB8 /* Frameworks */,
				4EE1A1581B8D4E0100A84CB8 /* Resources */,
				97B204B6B59CBA31A41837EB /* Copy Pods Resources */,
			);
			buildRules = (
			);
			dependencies = (
			);
			name = WebIntegration;
			productName = WebIntegration;
			productReference = 4EE1A15A1B8D4E0100A84CB8 /* WebIntegration.app */;
			productType = "com.apple.product-type.application";
		};
		4EE1A1721B8D4E0100A84CB8 /* WebIntegrationTests */ = {
			isa = PBXNativeTarget;
			buildConfigurationList = 4EE1A1801B8D4E0100A84CB8 /* Build configuration list for PBXNativeTarget "WebIntegrationTests" */;
			buildPhases = (
				4EE1A16F1B8D4E0100A84CB8 /* Sources */,
				4EE1A1701B8D4E0100A84CB8 /* Frameworks */,
				4EE1A1711B8D4E0100A84CB8 /* Resources */,
			);
			buildRules = (
			);
			dependencies = (
				4EE1A1751B8D4E0100A84CB8 /* PBXTargetDependency */,
			);
			name = WebIntegrationTests;
			productName = WebIntegrationTests;
			productReference = 4EE1A1731B8D4E0100A84CB8 /* WebIntegrationTests.xctest */;
			productType = "com.apple.product-type.bundle.unit-test";
		};
/* End PBXNativeTarget section */

/* Begin PBXProject section */
		4EE1A1521B8D4E0100A84CB8 /* Project object */ = {
			isa = PBXProject;
			attributes = {
				LastUpgradeCheck = 0640;
				ORGANIZATIONNAME = skyware;
				TargetAttributes = {
					4EE1A1591B8D4E0100A84CB8 = {
						CreatedOnToolsVersion = 6.4;
					};
					4EE1A1721B8D4E0100A84CB8 = {
						CreatedOnToolsVersion = 6.4;
						TestTargetID = 4EE1A1591B8D4E0100A84CB8;
					};
				};
			};
			buildConfigurationList = 4EE1A1551B8D4E0100A84CB8 /* Build configuration list for PBXProject "WebIntegration" */;
			compatibilityVersion = "Xcode 3.2";
			developmentRegion = English;
			hasScannedForEncodings = 0;
			knownRegions = (
				en,
				Base,
			);
			mainGroup = 4EE1A1511B8D4E0100A84CB8;
			productRefGroup = 4EE1A15B1B8D4E0100A84CB8 /* Products */;
			projectDirPath = "";
			projectRoot = "";
			targets = (
				4EE1A1591B8D4E0100A84CB8 /* WebIntegration */,
				4EE1A1721B8D4E0100A84CB8 /* WebIntegrationTests */,
			);
		};
/* End PBXProject section */

/* Begin PBXResourcesBuildPhase section */
		4EE1A1581B8D4E0100A84CB8 /* Resources */ = {
			isa = PBXResourcesBuildPhase;
			buildActionMask = 2147483647;
			files = (
				4EE1A1B61B8D54EE00A84CB8 /* HomeWebTableViewCell.xib in Resources */,
				4EE1A1AB1B8D4E9700A84CB8 /* LaunchScreen.xib in Resources */,
				4EE1A1AA1B8D4E9700A84CB8 /* HomeTableHeadView.xib in Resources */,
				4EE1A1AE1B8D4E9700A84CB8 /* Info.plist in Resources */,
				4EE1A16B1B8D4E0100A84CB8 /* Images.xcassets in Resources */,
				4EE1A1A81B8D4E9700A84CB8 /* HomePurifierTableViewCell.xib in Resources */,
				4EE1A1A61B8D4E9700A84CB8 /* Home.storyboard in Resources */,
			);
			runOnlyForDeploymentPostprocessing = 0;
		};
		4EE1A1711B8D4E0100A84CB8 /* Resources */ = {
			isa = PBXResourcesBuildPhase;
			buildActionMask = 2147483647;
			files = (
			);
			runOnlyForDeploymentPostprocessing = 0;
		};
/* End PBXResourcesBuildPhase section */

/* Begin PBXShellScriptBuildPhase section */
		23867D2C0580557FBD622FDD /* Check Pods Manifest.lock */ = {
			isa = PBXShellScriptBuildPhase;
			buildActionMask = 2147483647;
			files = (
			);
			inputPaths = (
			);
			name = "Check Pods Manifest.lock";
			outputPaths = (
			);
			runOnlyForDeploymentPostprocessing = 0;
			shellPath = /bin/sh;
			shellScript = "diff \"${PODS_ROOT}/../Podfile.lock\" \"${PODS_ROOT}/Manifest.lock\" > /dev/null\nif [[ $? != 0 ]] ; then\n    cat << EOM\nerror: The sandbox is not in sync with the Podfile.lock. Run 'pod install' or update your CocoaPods installation.\nEOM\n    exit 1\nfi\n";
			showEnvVarsInLog = 0;
		};
		97B204B6B59CBA31A41837EB /* Copy Pods Resources */ = {
			isa = PBXShellScriptBuildPhase;
			buildActionMask = 2147483647;
			files = (
			);
			inputPaths = (
			);
			name = "Copy Pods Resources";
			outputPaths = (
			);
			runOnlyForDeploymentPostprocessing = 0;
			shellPath = /bin/sh;
			shellScript = "\"${SRCROOT}/Pods/Target Support Files/Pods/Pods-resources.sh\"\n";
			showEnvVarsInLog = 0;
		};
/* End PBXShellScriptBuildPhase section */

/* Begin PBXSourcesBuildPhase section */
		4EE1A1561B8D4E0100A84CB8 /* Sources */ = {
			isa = PBXSourcesBuildPhase;
			buildActionMask = 2147483647;
			files = (
				4EE1A1AF1B8D4E9700A84CB8 /* main.m in Sources */,
				4EE1A1AD1B8D4E9700A84CB8 /* AppDelegate.m in Sources */,
				4E57EBDF1B8DC90B00AAFC49 /* DetailWebViewController.m in Sources */,
				4EE1A1A71B8D4E9700A84CB8 /* HomePurifierTableViewCell.m in Sources */,
				4EE1A1B51B8D54EE00A84CB8 /* HomeWebTableViewCell.m in Sources */,
				4EE1A1A51B8D4E9700A84CB8 /* HomeTableViewController.m in Sources */,
				4EE1A1A91B8D4E9700A84CB8 /* HomeTableHeadView.m in Sources */,
			);
			runOnlyForDeploymentPostprocessing = 0;
		};
		4EE1A16F1B8D4E0100A84CB8 /* Sources */ = {
			isa = PBXSourcesBuildPhase;
			buildActionMask = 2147483647;
			files = (
				4EE1A17A1B8D4E0100A84CB8 /* WebIntegrationTests.m in Sources */,
			);
			runOnlyForDeploymentPostprocessing = 0;
		};
/* End PBXSourcesBuildPhase section */

/* Begin PBXTargetDependency section */
		4EE1A1751B8D4E0100A84CB8 /* PBXTargetDependency */ = {
			isa = PBXTargetDependency;
			target = 4EE1A1591B8D4E0100A84CB8 /* WebIntegration */;
			targetProxy = 4EE1A1741B8D4E0100A84CB8 /* PBXContainerItemProxy */;
		};
/* End PBXTargetDependency section */

/* Begin XCBuildConfiguration section */
		4EE1A17B1B8D4E0100A84CB8 /* Debug */ = {
			isa = XCBuildConfiguration;
			buildSettings = {
				ALWAYS_SEARCH_USER_PATHS = NO;
				CLANG_CXX_LANGUAGE_STANDARD = "gnu++0x";
				CLANG_CXX_LIBRARY = "libc++";
				CLANG_ENABLE_MODULES = YES;
				CLANG_ENABLE_OBJC_ARC = YES;
				CLANG_WARN_BOOL_CONVERSION = YES;
				CLANG_WARN_CONSTANT_CONVERSION = YES;
				CLANG_WARN_DIRECT_OBJC_ISA_USAGE = YES_ERROR;
				CLANG_WARN_EMPTY_BODY = YES;
				CLANG_WARN_ENUM_CONVERSION = YES;
				CLANG_WARN_INT_CONVERSION = YES;
				CLANG_WARN_OBJC_ROOT_CLASS = YES_ERROR;
				CLANG_WARN_UNREACHABLE_CODE = YES;
				CLANG_WARN__DUPLICATE_METHOD_MATCH = YES;
				"CODE_SIGN_IDENTITY[sdk=iphoneos*]" = "iPhone Developer";
				COPY_PHASE_STRIP = NO;
				DEBUG_INFORMATION_FORMAT = "dwarf-with-dsym";
				ENABLE_STRICT_OBJC_MSGSEND = YES;
				GCC_C_LANGUAGE_STANDARD = gnu99;
				GCC_DYNAMIC_NO_PIC = NO;
				GCC_NO_COMMON_BLOCKS = YES;
				GCC_OPTIMIZATION_LEVEL = 0;
				GCC_PREPROCESSOR_DEFINITIONS = (
					"DEBUG=1",
					"$(inherited)",
				);
				GCC_SYMBOLS_PRIVATE_EXTERN = NO;
				GCC_WARN_64_TO_32_BIT_CONVERSION = YES;
				GCC_WARN_ABOUT_RETURN_TYPE = YES_ERROR;
				GCC_WARN_UNDECLARED_SELECTOR = YES;
				GCC_WARN_UNINITIALIZED_AUTOS = YES_AGGRESSIVE;
				GCC_WARN_UNUSED_FUNCTION = YES;
				GCC_WARN_UNUSED_VARIABLE = YES;
				IPHONEOS_DEPLOYMENT_TARGET = 8.4;
				MTL_ENABLE_DEBUG_INFO = YES;
				ONLY_ACTIVE_ARCH = YES;
				SDKROOT = iphoneos;
			};
			name = Debug;
		};
		4EE1A17C1B8D4E0100A84CB8 /* Release */ = {
			isa = XCBuildConfiguration;
			buildSettings = {
				ALWAYS_SEARCH_USER_PATHS = NO;
				CLANG_CXX_LANGUAGE_STANDARD = "gnu++0x";
				CLANG_CXX_LIBRARY = "libc++";
				CLANG_ENABLE_MODULES = YES;
				CLANG_ENABLE_OBJC_ARC = YES;
				CLANG_WARN_BOOL_CONVERSION = YES;
				CLANG_WARN_CONSTANT_CONVERSION = YES;
				CLANG_WARN_DIRECT_OBJC_ISA_USAGE = YES_ERROR;
				CLANG_WARN_EMPTY_BODY = YES;
				CLANG_WARN_ENUM_CONVERSION = YES;
				CLANG_WARN_INT_CONVERSION = YES;
				CLANG_WARN_OBJC_ROOT_CLASS = YES_ERROR;
				CLANG_WARN_UNREACHABLE_CODE = YES;
				CLANG_WARN__DUPLICATE_METHOD_MATCH = YES;
				"CODE_SIGN_IDENTITY[sdk=iphoneos*]" = "iPhone Developer";
				COPY_PHASE_STRIP = NO;
				DEBUG_INFORMATION_FORMAT = "dwarf-with-dsym";
				ENABLE_NS_ASSERTIONS = NO;
				ENABLE_STRICT_OBJC_MSGSEND = YES;
				GCC_C_LANGUAGE_STANDARD = gnu99;
				GCC_NO_COMMON_BLOCKS = YES;
				GCC_WARN_64_TO_32_BIT_CONVERSION = YES;
				GCC_WARN_ABOUT_RETURN_TYPE = YES_ERROR;
				GCC_WARN_UNDECLARED_SELECTOR = YES;
				GCC_WARN_UNINITIALIZED_AUTOS = YES_AGGRESSIVE;
				GCC_WARN_UNUSED_FUNCTION = YES;
				GCC_WARN_UNUSED_VARIABLE = YES;
				IPHONEOS_DEPLOYMENT_TARGET = 8.4;
				MTL_ENABLE_DEBUG_INFO = NO;
				SDKROOT = iphoneos;
				VALIDATE_PRODUCT = YES;
			};
			name = Release;
		};
		4EE1A17E1B8D4E0100A84CB8 /* Debug */ = {
			isa = XCBuildConfiguration;
			baseConfigurationReference = 779B063E7E60D06276D51B79 /* Pods.debug.xcconfig */;
			buildSettings = {
				ASSETCATALOG_COMPILER_APPICON_NAME = AppIcon;
				FRAMEWORK_SEARCH_PATHS = (
					"$(inherited)",
					"$(PROJECT_DIR)/WebIntegration/Classes/Main/Lib/Pgy_SDK",
				);
				GCC_PREFIX_HEADER = "$(SRCROOT)/WebIntegration/Classes/Main/Other/WebIntegration.pch";
				INFOPLIST_FILE = "$(SRCROOT)/WebIntegration/Classes/Main/Other/Info.plist";
				IPHONEOS_DEPLOYMENT_TARGET = 7.0;
				LD_RUNPATH_SEARCH_PATHS = "$(inherited) @executable_path/Frameworks";
				PRODUCT_NAME = "$(TARGET_NAME)";
			};
			name = Debug;
		};
		4EE1A17F1B8D4E0100A84CB8 /* Release */ = {
			isa = XCBuildConfiguration;
			baseConfigurationReference = F424065027F8998A3D882D95 /* Pods.release.xcconfig */;
			buildSettings = {
				ASSETCATALOG_COMPILER_APPICON_NAME = AppIcon;
				FRAMEWORK_SEARCH_PATHS = (
					"$(inherited)",
					"$(PROJECT_DIR)/WebIntegration/Classes/Main/Lib/Pgy_SDK",
				);
				GCC_PREFIX_HEADER = "$(SRCROOT)/WebIntegration/Classes/Main/Other/WebIntegration.pch";
				INFOPLIST_FILE = "$(SRCROOT)/WebIntegration/Classes/Main/Other/Info.plist";
				IPHONEOS_DEPLOYMENT_TARGET = 7.0;
				LD_RUNPATH_SEARCH_PATHS = "$(inherited) @executable_path/Frameworks";
				PRODUCT_NAME = "$(TARGET_NAME)";
			};
			name = Release;
		};
		4EE1A1811B8D4E0100A84CB8 /* Debug */ = {
			isa = XCBuildConfiguration;
			buildSettings = {
				BUNDLE_LOADER = "$(TEST_HOST)";
				FRAMEWORK_SEARCH_PATHS = (
					"$(SDKROOT)/Developer/Library/Frameworks",
					"$(inherited)",
				);
				GCC_PREPROCESSOR_DEFINITIONS = (
					"DEBUG=1",
					"$(inherited)",
				);
				INFOPLIST_FILE = WebIntegrationTests/Info.plist;
				LD_RUNPATH_SEARCH_PATHS = "$(inherited) @executable_path/Frameworks @loader_path/Frameworks";
				PRODUCT_NAME = "$(TARGET_NAME)";
				TEST_HOST = "$(BUILT_PRODUCTS_DIR)/WebIntegration.app/WebIntegration";
			};
			name = Debug;
		};
		4EE1A1821B8D4E0100A84CB8 /* Release */ = {
			isa = XCBuildConfiguration;
			buildSettings = {
				BUNDLE_LOADER = "$(TEST_HOST)";
				FRAMEWORK_SEARCH_PATHS = (
					"$(SDKROOT)/Developer/Library/Frameworks",
					"$(inherited)",
				);
				INFOPLIST_FILE = WebIntegrationTests/Info.plist;
				LD_RUNPATH_SEARCH_PATHS = "$(inherited) @executable_path/Frameworks @loader_path/Frameworks";
				PRODUCT_NAME = "$(TARGET_NAME)";
				TEST_HOST = "$(BUILT_PRODUCTS_DIR)/WebIntegration.app/WebIntegration";
			};
			name = Release;
		};
/* End XCBuildConfiguration section */

/* Begin XCConfigurationList section */
		4EE1A1551B8D4E0100A84CB8 /* Build configuration list for PBXProject "WebIntegration" */ = {
			isa = XCConfigurationList;
			buildConfigurations = (
				4EE1A17B1B8D4E0100A84CB8 /* Debug */,
				4EE1A17C1B8D4E0100A84CB8 /* Release */,
			);
			defaultConfigurationIsVisible = 0;
			defaultConfigurationName = Release;
		};
		4EE1A17D1B8D4E0100A84CB8 /* Build configuration list for PBXNativeTarget "WebIntegration" */ = {
			isa = XCConfigurationList;
			buildConfigurations = (
				4EE1A17E1B8D4E0100A84CB8 /* Debug */,
				4EE1A17F1B8D4E0100A84CB8 /* Release */,
			);
			defaultConfigurationIsVisible = 0;
			defaultConfigurationName = Release;
		};
		4EE1A1801B8D4E0100A84CB8 /* Build configuration list for PBXNativeTarget "WebIntegrationTests" */ = {
			isa = XCConfigurationList;
			buildConfigurations = (
				4EE1A1811B8D4E0100A84CB8 /* Debug */,
				4EE1A1821B8D4E0100A84CB8 /* Release */,
			);
			defaultConfigurationIsVisible = 0;
			defaultConfigurationName = Release;
		};
/* End XCConfigurationList section */
	};
	rootObject = 4EE1A1521B8D4E0100A84CB8 /* Project object */;
}
